
Microsoft Visual Studio Solution File, Format Version 12.00
# Visual Studio Version 17
VisualStudioVersion = 17.9.34728.123
MinimumVisualStudioVersion = 10.0.40219.1
Project("{FAE04EC0-301F-11D3-BF4B-00C04F79EFBC}") = "TodoListAPI", "TodoListAPI\TodoListAPI.csproj", "{B94A1ACD-4DC7-4423-8C1D-C0AD4CE07234}"
EndProject
Global
	GlobalSection(SolutionConfigurationPlatforms) = preSolution
		Debug|Any CPU = Debug|Any CPU
		Release|Any CPU = Release|Any CPU
	EndGlobalSection
	GlobalSection(ProjectConfigurationPlatforms) = postSolution
		{B94A1ACD-4DC7-4423-8C1D-C0AD4CE07234}.Debug|Any CPU.ActiveCfg = Debug|Any CPU
		{B94A1ACD-4DC7-4423-8C1D-C0AD4CE07234}.Debug|Any CPU.Build.0 = Debug|Any CPU
		{B94A1ACD-4DC7-4423-8C1D-C0AD4CE07234}.Release|Any CPU.ActiveCfg = Release|Any CPU
		{B94A1ACD-4DC7-4423-8C1D-C0AD4CE07234}.Release|Any CPU.Build.0 = Release|Any CPU
	EndGlobalSection
	GlobalSection(SolutionProperties) = preSolution
		HideSolutionNode = FALSE
	EndGlobalSection
	GlobalSection(ExtensibilityGlobals) = postSolution
		SolutionGuid = {B2AEBE34-5339-48FF-A4E1-A872D59C209C}
	EndGlobalSection
EndGlobal
